// !$*UTF8*$!
{
	archiveVersion = 1;
	classes = {
	};
	objectVersion = 46;
	objects = {

/* Begin PBXBuildFile section */
		42043B5D21E148405CEA1FDC /* libPods.a in Frameworks */ = {isa = PBXBuildFile; fileRef = 92930CD9270B3618967E5D8B /* libPods.a */; };
		E918A9FE1D3F2EB500BE2F8A /* LXRecommandTagsViewController.m in Sources */ = {isa = PBXBuildFile; fileRef = E918A9FD1D3F2EB500BE2F8A /* LXRecommandTagsViewController.m */; };
		E918AA021D3F4E0B00BE2F8A /* LXRecommandTagCell.m in Sources */ = {isa = PBXBuildFile; fileRef = E918AA001D3F4E0B00BE2F8A /* LXRecommandTagCell.m */; };
		E918AA031D3F4E0B00BE2F8A /* LXRecommandTagCell.xib in Resources */ = {isa = PBXBuildFile; fileRef = E918AA011D3F4E0B00BE2F8A /* LXRecommandTagCell.xib */; };
		E918AA0A1D3F592A00BE2F8A /* LXShowPictureViewController.m in Sources */ = {isa = PBXBuildFile; fileRef = E918AA081D3F592A00BE2F8A /* LXShowPictureViewController.m */; };
		E918AA0B1D3F592A00BE2F8A /* LXShowPictureViewController.xib in Resources */ = {isa = PBXBuildFile; fileRef = E918AA091D3F592A00BE2F8A /* LXShowPictureViewController.xib */; };
		E918AA0E1D3F5E1500BE2F8A /* LXProgressView.m in Sources */ = {isa = PBXBuildFile; fileRef = E918AA0D1D3F5E1500BE2F8A /* LXProgressView.m */; };
		E918AA111D3F5F9300BE2F8A /* LXTopicPictureView.m in Sources */ = {isa = PBXBuildFile; fileRef = E918AA101D3F5F9300BE2F8A /* LXTopicPictureView.m */; };
		E918AA131D3F5FAC00BE2F8A /* LXTopicPictureView.xib in Resources */ = {isa = PBXBuildFile; fileRef = E918AA121D3F5FAC00BE2F8A /* LXTopicPictureView.xib */; };
		E918AA161D3F67B600BE2F8A /* LXVideoView.m in Sources */ = {isa = PBXBuildFile; fileRef = E918AA151D3F67B600BE2F8A /* LXVideoView.m */; };
		E918AA181D3F67C400BE2F8A /* LXVideoView.xib in Resources */ = {isa = PBXBuildFile; fileRef = E918AA171D3F67C400BE2F8A /* LXVideoView.xib */; };
		E918AA1C1D3F763300BE2F8A /* LXPublishView.m in Sources */ = {isa = PBXBuildFile; fileRef = E918AA1B1D3F763300BE2F8A /* LXPublishView.m */; };
		E918AA1E1D3F764300BE2F8A /* LXPublishView.xib in Resources */ = {isa = PBXBuildFile; fileRef = E918AA1D1D3F764300BE2F8A /* LXPublishView.xib */; };
		E918AA221D3F77F400BE2F8A /* LXPublishViewController.m in Sources */ = {isa = PBXBuildFile; fileRef = E918AA201D3F77F400BE2F8A /* LXPublishViewController.m */; };
		E918AA231D3F77F400BE2F8A /* LXPublishViewController.xib in Resources */ = {isa = PBXBuildFile; fileRef = E918AA211D3F77F400BE2F8A /* LXPublishViewController.xib */; };
		E918AA261D3F793200BE2F8A /* LXVerticalButton.m in Sources */ = {isa = PBXBuildFile; fileRef = E918AA251D3F793200BE2F8A /* LXVerticalButton.m */; };
		E94217A11D41FD87004EFC90 /* LXCommentHeaderView.m in Sources */ = {isa = PBXBuildFile; fileRef = E94217A01D41FD87004EFC90 /* LXCommentHeaderView.m */; };
		E94217A51D41FF4D004EFC90 /* LXCommentCell.m in Sources */ = {isa = PBXBuildFile; fileRef = E94217A31D41FF4D004EFC90 /* LXCommentCell.m */; };
		E94217A61D41FF4D004EFC90 /* LXCommentCell.xib in Resources */ = {isa = PBXBuildFile; fileRef = E94217A41D41FF4D004EFC90 /* LXCommentCell.xib */; };
		E94217A91D421D85004EFC90 /* LXSquare.m in Sources */ = {isa = PBXBuildFile; fileRef = E94217A81D421D85004EFC90 /* LXSquare.m */; };
		E94217AD1D421DC7004EFC90 /* LXWebViewController.m in Sources */ = {isa = PBXBuildFile; fileRef = E94217AB1D421DC7004EFC90 /* LXWebViewController.m */; };
		E94217AE1D421DC7004EFC90 /* LXWebViewController.xib in Resources */ = {isa = PBXBuildFile; fileRef = E94217AC1D421DC7004EFC90 /* LXWebViewController.xib */; };
		E94217B11D421E07004EFC90 /* LXMineCell.m in Sources */ = {isa = PBXBuildFile; fileRef = E94217B01D421E07004EFC90 /* LXMineCell.m */; };
		E94217B41D421E58004EFC90 /* LXMineFooterView.m in Sources */ = {isa = PBXBuildFile; fileRef = E94217B31D421E58004EFC90 /* LXMineFooterView.m */; };
		E94217B71D421E90004EFC90 /* LXSquareButton.m in Sources */ = {isa = PBXBuildFile; fileRef = E94217B61D421E90004EFC90 /* LXSquareButton.m */; };
		E94E91881D3C661C00790ECD /* LXCommentViewController.m in Sources */ = {isa = PBXBuildFile; fileRef = E94E91861D3C661C00790ECD /* LXCommentViewController.m */; };
		E94E91891D3C661C00790ECD /* LXCommentViewController.xib in Resources */ = {isa = PBXBuildFile; fileRef = E94E91871D3C661C00790ECD /* LXCommentViewController.xib */; };
		E94E918C1D3C696C00790ECD /* LXComment.m in Sources */ = {isa = PBXBuildFile; fileRef = E94E918B1D3C696C00790ECD /* LXComment.m */; };
		E94E918F1D3C6D8800790ECD /* LXRecommandTag.m in Sources */ = {isa = PBXBuildFile; fileRef = E94E918E1D3C6D8800790ECD /* LXRecommandTag.m */; };
		E94E91921D3C6DA900790ECD /* LXTopic.m in Sources */ = {isa = PBXBuildFile; fileRef = E94E91911D3C6DA900790ECD /* LXTopic.m */; };
		E94E91951D3C6DE600790ECD /* LXUser.m in Sources */ = {isa = PBXBuildFile; fileRef = E94E91941D3C6DE600790ECD /* LXUser.m */; };
		E94E919C1D3C714B00790ECD /* NSDate+LXExtension.m in Sources */ = {isa = PBXBuildFile; fileRef = E94E919B1D3C714B00790ECD /* NSDate+LXExtension.m */; };
		E94E919F1D3CAB8200790ECD /* LXMeViewController.m in Sources */ = {isa = PBXBuildFile; fileRef = E94E919E1D3CAB8200790ECD /* LXMeViewController.m */; };
		E94E91A21D3CB40300790ECD /* LXTopWindow.m in Sources */ = {isa = PBXBuildFile; fileRef = E94E91A11D3CB40300790ECD /* LXTopWindow.m */; };
		E94E91A51D3CB49D00790ECD /* UIBarButtonItem+LXExtension.m in Sources */ = {isa = PBXBuildFile; fileRef = E94E91A41D3CB49D00790ECD /* UIBarButtonItem+LXExtension.m */; };
		E94E91A81D3CC3D600790ECD /* UIImage+LXExtension.m in Sources */ = {isa = PBXBuildFile; fileRef = E94E91A71D3CC3D600790ECD /* UIImage+LXExtension.m */; };
		E94E91AB1D3CC47200790ECD /* UIImageView+LXExtension.m in Sources */ = {isa = PBXBuildFile; fileRef = E94E91AA1D3CC47200790ECD /* UIImageView+LXExtension.m */; };
		E94E91AE1D3CC4BB00790ECD /* NSString+LXExtension.m in Sources */ = {isa = PBXBuildFile; fileRef = E94E91AD1D3CC4BB00790ECD /* NSString+LXExtension.m */; };
		E94E91B21D3CC89C00790ECD /* LXTopicCell.m in Sources */ = {isa = PBXBuildFile; fileRef = E94E91B01D3CC89C00790ECD /* LXTopicCell.m */; };
		E94E91B31D3CC89C00790ECD /* LXTopicCell.xib in Resources */ = {isa = PBXBuildFile; fileRef = E94E91B11D3CC89C00790ECD /* LXTopicCell.xib */; };
		E980FBBC1D46FFA4008CC643 /* LXPostViewController.m in Sources */ = {isa = PBXBuildFile; fileRef = E980FBBB1D46FFA4008CC643 /* LXPostViewController.m */; };
		E980FBBF1D47368B008CC643 /* LXTimeSheetView.m in Sources */ = {isa = PBXBuildFile; fileRef = E980FBBE1D47368B008CC643 /* LXTimeSheetView.m */; };
		E980FBC11D47369B008CC643 /* LXTimeSheetView.xib in Resources */ = {isa = PBXBuildFile; fileRef = E980FBC01D47369B008CC643 /* LXTimeSheetView.xib */; };
		E980FBC31D473959008CC643 /* LXLightView.xib in Resources */ = {isa = PBXBuildFile; fileRef = E980FBC21D473959008CC643 /* LXLightView.xib */; };
		E980FBC61D473967008CC643 /* LXLightView.m in Sources */ = {isa = PBXBuildFile; fileRef = E980FBC51D473967008CC643 /* LXLightView.m */; };
		E980FBCA1D474805008CC643 /* LXRecommandViewController.m in Sources */ = {isa = PBXBuildFile; fileRef = E980FBC81D474805008CC643 /* LXRecommandViewController.m */; };
		E980FBCB1D474805008CC643 /* LXRecommandViewController.xib in Resources */ = {isa = PBXBuildFile; fileRef = E980FBC91D474805008CC643 /* LXRecommandViewController.xib */; };
		E980FBCE1D474A4D008CC643 /* LXRecommandCategory.m in Sources */ = {isa = PBXBuildFile; fileRef = E980FBCD1D474A4D008CC643 /* LXRecommandCategory.m */; };
		E980FBD11D474ADE008CC643 /* LXRecommandUser.m in Sources */ = {isa = PBXBuildFile; fileRef = E980FBD01D474ADE008CC643 /* LXRecommandUser.m */; };
		E980FBD41D474B31008CC643 /* LXTextField.m in Sources */ = {isa = PBXBuildFile; fileRef = E980FBD31D474B31008CC643 /* LXTextField.m */; };
		E980FBD81D474C5C008CC643 /* LXRecommandCategoryCell.m in Sources */ = {isa = PBXBuildFile; fileRef = E980FBD61D474C5C008CC643 /* LXRecommandCategoryCell.m */; };
		E980FBD91D474C5C008CC643 /* LXRecommandCategoryCell.xib in Resources */ = {isa = PBXBuildFile; fileRef = E980FBD71D474C5C008CC643 /* LXRecommandCategoryCell.xib */; };
		E980FBDD1D474EAD008CC643 /* LXRecommandUserCell.m in Sources */ = {isa = PBXBuildFile; fileRef = E980FBDB1D474EAD008CC643 /* LXRecommandUserCell.m */; };
		E980FBDE1D474EAD008CC643 /* LXRecommandUserCell.xib in Resources */ = {isa = PBXBuildFile; fileRef = E980FBDC1D474EAD008CC643 /* LXRecommandUserCell.xib */; };
		E9B7BB301D38B4530008E21D /* main.m in Sources */ = {isa = PBXBuildFile; fileRef = E9B7BB2F1D38B4530008E21D /* main.m */; };
		E9B7BB331D38B4530008E21D /* AppDelegate.m in Sources */ = {isa = PBXBuildFile; fileRef = E9B7BB321D38B4530008E21D /* AppDelegate.m */; };
		E9B7BB361D38B4530008E21D /* ViewController.m in Sources */ = {isa = PBXBuildFile; fileRef = E9B7BB351D38B4530008E21D /* ViewController.m */; };
		E9B7BB391D38B4530008E21D /* Main.storyboard in Resources */ = {isa = PBXBuildFile; fileRef = E9B7BB371D38B4530008E21D /* Main.storyboard */; };
		E9B7BB3B1D38B4530008E21D /* Assets.xcassets in Resources */ = {isa = PBXBuildFile; fileRef = E9B7BB3A1D38B4530008E21D /* Assets.xcassets */; };
		E9B7BB3E1D38B4530008E21D /* LaunchScreen.storyboard in Resources */ = {isa = PBXBuildFile; fileRef = E9B7BB3C1D38B4530008E21D /* LaunchScreen.storyboard */; };
		E9B7BB681D38BC960008E21D /* LXNavigationController.m in Sources */ = {isa = PBXBuildFile; fileRef = E9B7BB671D38BC960008E21D /* LXNavigationController.m */; };
		E9B7BB6B1D38BCB90008E21D /* LXTabbarController.m in Sources */ = {isa = PBXBuildFile; fileRef = E9B7BB6A1D38BCB90008E21D /* LXTabbarController.m */; };
		E9B7BB721D38BF880008E21D /* LXTabbar.m in Sources */ = {isa = PBXBuildFile; fileRef = E9B7BB711D38BF880008E21D /* LXTabbar.m */; };
		E9B7BB751D38C0810008E21D /* LXEssenceViewController.m in Sources */ = {isa = PBXBuildFile; fileRef = E9B7BB741D38C0810008E21D /* LXEssenceViewController.m */; };
		E9B7BB811D38C9270008E21D /* LXTopicViewController.m in Sources */ = {isa = PBXBuildFile; fileRef = E9B7BB801D38C9270008E21D /* LXTopicViewController.m */; };
		E9B7BB891D38CD480008E21D /* UIView+LXExtension.m in Sources */ = {isa = PBXBuildFile; fileRef = E9B7BB881D38CD480008E21D /* UIView+LXExtension.m */; };
		E9B7BB8C1D38D1F20008E21D /* LXConst.m in Sources */ = {isa = PBXBuildFile; fileRef = E9B7BB8B1D38D1F20008E21D /* LXConst.m */; };
		E9C1D9471D405FD50067DF15 /* LXVoiceView.m in Sources */ = {isa = PBXBuildFile; fileRef = E9C1D9461D405FD50067DF15 /* LXVoiceView.m */; };
		E9C1D9491D405FEC0067DF15 /* LXVoiceView.xib in Resources */ = {isa = PBXBuildFile; fileRef = E9C1D9481D405FEC0067DF15 /* LXVoiceView.xib */; };
		E9C1D94B1D4069CE0067DF15 /* Foundation+Log.m in Sources */ = {isa = PBXBuildFile; fileRef = E9C1D94A1D4069CE0067DF15 /* Foundation+Log.m */; };
		E9C1D9521D40779A0067DF15 /* LXNewViewController.m in Sources */ = {isa = PBXBuildFile; fileRef = E9C1D9511D40779A0067DF15 /* LXNewViewController.m */; };
		E9C1D9551D40A22E0067DF15 /* LXAVPlayerTool.m in Sources */ = {isa = PBXBuildFile; fileRef = E9C1D9541D40A22E0067DF15 /* LXAVPlayerTool.m */; };
		E9C1D9591D40A2C50067DF15 /* LXAVPlayerView.m in Sources */ = {isa = PBXBuildFile; fileRef = E9C1D9581D40A2C50067DF15 /* LXAVPlayerView.m */; };
		E9C1D95B1D40A2D60067DF15 /* LXAVPlayerView.xib in Resources */ = {isa = PBXBuildFile; fileRef = E9C1D95A1D40A2D60067DF15 /* LXAVPlayerView.xib */; };
		E9C1D95F1D40B75A0067DF15 /* LXFocusViewController.m in Sources */ = {isa = PBXBuildFile; fileRef = E9C1D95D1D40B75A0067DF15 /* LXFocusViewController.m */; };
		E9C1D9601D40B75A0067DF15 /* LXFocusViewController.xib in Resources */ = {isa = PBXBuildFile; fileRef = E9C1D95E1D40B75A0067DF15 /* LXFocusViewController.xib */; };
		E9C1D9641D40B9350067DF15 /* LXLoginRegisterViewController.m in Sources */ = {isa = PBXBuildFile; fileRef = E9C1D9621D40B9350067DF15 /* LXLoginRegisterViewController.m */; };
		E9C1D9651D40B9350067DF15 /* LXLoginRegisterViewController.xib in Resources */ = {isa = PBXBuildFile; fileRef = E9C1D9631D40B9350067DF15 /* LXLoginRegisterViewController.xib */; };
		E9F4226E1D48940500860932 /* LXSetViewController.m in Sources */ = {isa = PBXBuildFile; fileRef = E9F4226D1D48940500860932 /* LXSetViewController.m */; };
/* End PBXBuildFile section */

/* Begin PBXFileReference section */
		92930CD9270B3618967E5D8B /* libPods.a */ = {isa = PBXFileReference; explicitFileType = archive.ar; includeInIndex = 0; path = libPods.a; sourceTree = BUILT_PRODUCTS_DIR; };
		E26942780E11E439DEBF19C0 /* Pods.debug.xcconfig */ = {isa = PBXFileReference; includeInIndex = 1; lastKnownFileType = text.xcconfig; name = Pods.debug.xcconfig; path = "Pods/Target Support Files/Pods/Pods.debug.xcconfig"; sourceTree = "<group>"; };
		E918A9FC1D3F2EB500BE2F8A /* LXRecommandTagsViewController.h */ = {isa = PBXFileReference; fileEncoding = 4; lastKnownFileType = sourcecode.c.h; path = LXRecommandTagsViewController.h; sourceTree = "<group>"; };
		E918A9FD1D3F2EB500BE2F8A /* LXRecommandTagsViewController.m */ = {isa = PBXFileReference; fileEncoding = 4; lastKnownFileType = sourcecode.c.objc; path = LXRecommandTagsViewController.m; sourceTree = "<group>"; };
		E918A9FF1D3F4E0B00BE2F8A /* LXRecommandTagCell.h */ = {isa = PBXFileReference; fileEncoding = 4; lastKnownFileType = sourcecode.c.h; path = LXRecommandTagCell.h; sourceTree = "<group>"; };
		E918AA001D3F4E0B00BE2F8A /* LXRecommandTagCell.m */ = {isa = PBXFileReference; fileEncoding = 4; lastKnownFileType = sourcecode.c.objc; path = LXRecommandTagCell.m; sourceTree = "<group>"; };
		E918AA011D3F4E0B00BE2F8A /* LXRecommandTagCell.xib */ = {isa = PBXFileReference; fileEncoding = 4; lastKnownFileType = file.xib; path = LXRecommandTagCell.xib; sourceTree = "<group>"; };
		E918AA071D3F592A00BE2F8A /* LXShowPictureViewController.h */ = {isa = PBXFileReference; fileEncoding = 4; lastKnownFileType = sourcecode.c.h; path = LXShowPictureViewController.h; sourceTree = "<group>"; };
		E918AA081D3F592A00BE2F8A /* LXShowPictureViewController.m */ = {isa = PBXFileReference; fileEncoding = 4; lastKnownFileType = sourcecode.c.objc; path = LXShowPictureViewController.m; sourceTree = "<group>"; };
		E918AA091D3F592A00BE2F8A /* LXShowPictureViewController.xib */ = {isa = PBXFileReference; fileEncoding = 4; lastKnownFileType = file.xib; path = LXShowPictureViewController.xib; sourceTree = "<group>"; };
		E918AA0C1D3F5E1500BE2F8A /* LXProgressView.h */ = {isa = PBXFileReference; fileEncoding = 4; lastKnownFileType = sourcecode.c.h; path = LXProgressView.h; sourceTree = "<group>"; };
		E918AA0D1D3F5E1500BE2F8A /* LXProgressView.m */ = {isa = PBXFileReference; fileEncoding = 4; lastKnownFileType = sourcecode.c.objc; path = LXProgressView.m; sourceTree = "<group>"; };
		E918AA0F1D3F5F9300BE2F8A /* LXTopicPictureView.h */ = {isa = PBXFileReference; fileEncoding = 4; lastKnownFileType = sourcecode.c.h; path = LXTopicPictureView.h; sourceTree = "<group>"; };
		E918AA101D3F5F9300BE2F8A /* LXTopicPictureView.m */ = {isa = PBXFileReference; fileEncoding = 4; lastKnownFileType = sourcecode.c.objc; path = LXTopicPictureView.m; sourceTree = "<group>"; };
		E918AA121D3F5FAC00BE2F8A /* LXTopicPictureView.xib */ = {isa = PBXFileReference; fileEncoding = 4; lastKnownFileType = file.xib; path = LXTopicPictureView.xib; sourceTree = "<group>"; };
		E918AA141D3F67B600BE2F8A /* LXVideoView.h */ = {isa = PBXFileReference; fileEncoding = 4; lastKnownFileType = sourcecode.c.h; path = LXVideoView.h; sourceTree = "<group>"; };
		E918AA151D3F67B600BE2F8A /* LXVideoView.m */ = {isa = PBXFileReference; fileEncoding = 4; lastKnownFileType = sourcecode.c.objc; path = LXVideoView.m; sourceTree = "<group>"; };
		E918AA171D3F67C400BE2F8A /* LXVideoView.xib */ = {isa = PBXFileReference; fileEncoding = 4; lastKnownFileType = file.xib; path = LXVideoView.xib; sourceTree = "<group>"; };
		E918AA1A1D3F763300BE2F8A /* LXPublishView.h */ = {isa = PBXFileReference; fileEncoding = 4; lastKnownFileType = sourcecode.c.h; path = LXPublishView.h; sourceTree = "<group>"; };
		E918AA1B1D3F763300BE2F8A /* LXPublishView.m */ = {isa = PBXFileReference; fileEncoding = 4; lastKnownFileType = sourcecode.c.objc; path = LXPublishView.m; sourceTree = "<group>"; };
		E918AA1D1D3F764300BE2F8A /* LXPublishView.xib */ = {isa = PBXFileReference; fileEncoding = 4; lastKnownFileType = file.xib; path = LXPublishView.xib; sourceTree = "<group>"; };
		E918AA1F1D3F77F400BE2F8A /* LXPublishViewController.h */ = {isa = PBXFileReference; fileEncoding = 4; lastKnownFileType = sourcecode.c.h; path = LXPublishViewController.h; sourceTree = "<group>"; };
		E918AA201D3F77F400BE2F8A /* LXPublishViewController.m */ = {isa = PBXFileReference; fileEncoding = 4; lastKnownFileType = sourcecode.c.objc; path = LXPublishViewController.m; sourceTree = "<group>"; };
		E918AA211D3F77F400BE2F8A /* LXPublishViewController.xib */ = {isa = PBXFileReference; fileEncoding = 4; lastKnownFileType = file.xib; path = LXPublishViewController.xib; sourceTree = "<group>"; };
		E918AA241D3F793200BE2F8A /* LXVerticalButton.h */ = {isa = PBXFileReference; fileEncoding = 4; lastKnownFileType = sourcecode.c.h; path = LXVerticalButton.h; sourceTree = "<group>"; };
		E918AA251D3F793200BE2F8A /* LXVerticalButton.m */ = {isa = PBXFileReference; fileEncoding = 4; lastKnownFileType = sourcecode.c.objc; path = LXVerticalButton.m; sourceTree = "<group>"; };
		E942179F1D41FD87004EFC90 /* LXCommentHeaderView.h */ = {isa = PBXFileReference; fileEncoding = 4; lastKnownFileType = sourcecode.c.h; path = LXCommentHeaderView.h; sourceTree = "<group>"; };
		E94217A01D41FD87004EFC90 /* LXCommentHeaderView.m */ = {isa = PBXFileReference; fileEncoding = 4; lastKnownFileType = sourcecode.c.objc; path = LXCommentHeaderView.m; sourceTree = "<group>"; };
		E94217A21D41FF4D004EFC90 /* LXCommentCell.h */ = {isa = PBXFileReference; fileEncoding = 4; lastKnownFileType = sourcecode.c.h; path = LXCommentCell.h; sourceTree = "<group>"; };
		E94217A31D41FF4D004EFC90 /* LXCommentCell.m */ = {isa = PBXFileReference; fileEncoding = 4; lastKnownFileType = sourcecode.c.objc; path = LXCommentCell.m; sourceTree = "<group>"; };
		E94217A41D41FF4D004EFC90 /* LXCommentCell.xib */ = {isa = PBXFileReference; fileEncoding = 4; lastKnownFileType = file.xib; path = LXCommentCell.xib; sourceTree = "<group>"; };
		E94217A71D421D85004EFC90 /* LXSquare.h */ = {isa = PBXFileReference; fileEncoding = 4; lastKnownFileType = sourcecode.c.h; path = LXSquare.h; sourceTree = "<group>"; };
		E94217A81D421D85004EFC90 /* LXSquare.m */ = {isa = PBXFileReference; fileEncoding = 4; lastKnownFileType = sourcecode.c.objc; path = LXSquare.m; sourceTree = "<group>"; };
		E94217AA1D421DC7004EFC90 /* LXWebViewController.h */ = {isa = PBXFileReference; fileEncoding = 4; lastKnownFileType = sourcecode.c.h; path = LXWebViewController.h; sourceTree = "<group>"; };
		E94217AB1D421DC7004EFC90 /* LXWebViewController.m */ = {isa = PBXFileReference; fileEncoding = 4; lastKnownFileType = sourcecode.c.objc; path = LXWebViewController.m; sourceTree = "<group>"; };
		E94217AC1D421DC7004EFC90 /* LXWebViewController.xib */ = {isa = PBXFileReference; fileEncoding = 4; lastKnownFileType = file.xib; path = LXWebViewController.xib; sourceTree = "<group>"; };
		E94217AF1D421E07004EFC90 /* LXMineCell.h */ = {isa = PBXFileReference; fileEncoding = 4; lastKnownFileType = sourcecode.c.h; path = LXMineCell.h; sourceTree = "<group>"; };
		E94217B01D421E07004EFC90 /* LXMineCell.m */ = {isa = PBXFileReference; fileEncoding = 4; lastKnownFileType = sourcecode.c.objc; path = LXMineCell.m; sourceTree = "<group>"; };
		E94217B21D421E58004EFC90 /* LXMineFooterView.h */ = {isa = PBXFileReference; fileEncoding = 4; lastKnownFileType = sourcecode.c.h; path = LXMineFooterView.h; sourceTree = "<group>"; };
		E94217B31D421E58004EFC90 /* LXMineFooterView.m */ = {isa = PBXFileReference; fileEncoding = 4; lastKnownFileType = sourcecode.c.objc; path = LXMineFooterView.m; sourceTree = "<group>"; };
		E94217B51D421E90004EFC90 /* LXSquareButton.h */ = {isa = PBXFileReference; fileEncoding = 4; lastKnownFileType = sourcecode.c.h; path = LXSquareButton.h; sourceTree = "<group>"; };
		E94217B61D421E90004EFC90 /* LXSquareButton.m */ = {isa = PBXFileReference; fileEncoding = 4; lastKnownFileType = sourcecode.c.objc; path = LXSquareButton.m; sourceTree = "<group>"; };
		E94E91851D3C661C00790ECD /* LXCommentViewController.h */ = {isa = PBXFileReference; fileEncoding = 4; lastKnownFileType = sourcecode.c.h; path = LXCommentViewController.h; sourceTree = "<group>"; };
		E94E91861D3C661C00790ECD /* LXCommentViewController.m */ = {isa = PBXFileReference; fileEncoding = 4; lastKnownFileType = sourcecode.c.objc; path = LXCommentViewController.m; sourceTree = "<group>"; };
		E94E91871D3C661C00790ECD /* LXCommentViewController.xib */ = {isa = PBXFileReference; fileEncoding = 4; lastKnownFileType = file.xib; path = LXCommentViewController.xib; sourceTree = "<group>"; };
		E94E918A1D3C696C00790ECD /* LXComment.h */ = {isa = PBXFileReference; fileEncoding = 4; lastKnownFileType = sourcecode.c.h; path = LXComment.h; sourceTree = "<group>"; };
		E94E918B1D3C696C00790ECD /* LXComment.m */ = {isa = PBXFileReference; fileEncoding = 4; lastKnownFileType = sourcecode.c.objc; path = LXComment.m; sourceTree = "<group>"; };
		E94E918D1D3C6D8800790ECD /* LXRecommandTag.h */ = {isa = PBXFileReference; fileEncoding = 4; lastKnownFileType = sourcecode.c.h; path = LXRecommandTag.h; sourceTree = "<group>"; };
		E94E918E1D3C6D8800790ECD /* LXRecommandTag.m */ = {isa = PBXFileReference; fileEncoding = 4; lastKnownFileType = sourcecode.c.objc; path = LXRecommandTag.m; sourceTree = "<group>"; };
		E94E91901D3C6DA900790ECD /* LXTopic.h */ = {isa = PBXFileReference; fileEncoding = 4; lastKnownFileType = sourcecode.c.h; path = LXTopic.h; sourceTree = "<group>"; };
		E94E91911D3C6DA900790ECD /* LXTopic.m */ = {isa = PBXFileReference; fileEncoding = 4; lastKnownFileType = sourcecode.c.objc; path = LXTopic.m; sourceTree = "<group>"; };
		E94E91931D3C6DE600790ECD /* LXUser.h */ = {isa = PBXFileReference; fileEncoding = 4; lastKnownFileType = sourcecode.c.h; path = LXUser.h; sourceTree = "<group>"; };
		E94E91941D3C6DE600790ECD /* LXUser.m */ = {isa = PBXFileReference; fileEncoding = 4; lastKnownFileType = sourcecode.c.objc; path = LXUser.m; sourceTree = "<group>"; };
		E94E919A1D3C714B00790ECD /* NSDate+LXExtension.h */ = {isa = PBXFileReference; fileEncoding = 4; lastKnownFileType = sourcecode.c.h; path = "NSDate+LXExtension.h"; sourceTree = "<group>"; };
		E94E919B1D3C714B00790ECD /* NSDate+LXExtension.m */ = {isa = PBXFileReference; fileEncoding = 4; lastKnownFileType = sourcecode.c.objc; path = "NSDate+LXExtension.m"; sourceTree = "<group>"; };
		E94E919D1D3CAB8200790ECD /* LXMeViewController.h */ = {isa = PBXFileReference; fileEncoding = 4; lastKnownFileType = sourcecode.c.h; path = LXMeViewController.h; sourceTree = "<group>"; };
		E94E919E1D3CAB8200790ECD /* LXMeViewController.m */ = {isa = PBXFileReference; fileEncoding = 4; lastKnownFileType = sourcecode.c.objc; path = LXMeViewController.m; sourceTree = "<group>"; };
		E94E91A01D3CB40300790ECD /* LXTopWindow.h */ = {isa = PBXFileReference; fileEncoding = 4; lastKnownFileType = sourcecode.c.h; path = LXTopWindow.h; sourceTree = "<group>"; };
		E94E91A11D3CB40300790ECD /* LXTopWindow.m */ = {isa = PBXFileReference; fileEncoding = 4; lastKnownFileType = sourcecode.c.objc; path = LXTopWindow.m; sourceTree = "<group>"; };
		E94E91A31D3CB49D00790ECD /* UIBarButtonItem+LXExtension.h */ = {isa = PBXFileReference; fileEncoding = 4; lastKnownFileType = sourcecode.c.h; path = "UIBarButtonItem+LXExtension.h"; sourceTree = "<group>"; };
		E94E91A41D3CB49D00790ECD /* UIBarButtonItem+LXExtension.m */ = {isa = PBXFileReference; fileEncoding = 4; lastKnownFileType = sourcecode.c.objc; path = "UIBarButtonItem+LXExtension.m"; sourceTree = "<group>"; };
		E94E91A61D3CC3D600790ECD /* UIImage+LXExtension.h */ = {isa = PBXFileReference; fileEncoding = 4; lastKnownFileType = sourcecode.c.h; path = "UIImage+LXExtension.h"; sourceTree = "<group>"; };
		E94E91A71D3CC3D600790ECD /* UIImage+LXExtension.m */ = {isa = PBXFileReference; fileEncoding = 4; lastKnownFileType = sourcecode.c.objc; path = "UIImage+LXExtension.m"; sourceTree = "<group>"; };
		E94E91A91D3CC47200790ECD /* UIImageView+LXExtension.h */ = {isa = PBXFileReference; fileEncoding = 4; lastKnownFileType = sourcecode.c.h; path = "UIImageView+LXExtension.h"; sourceTree = "<group>"; };
		E94E91AA1D3CC47200790ECD /* UIImageView+LXExtension.m */ = {isa = PBXFileReference; fileEncoding = 4; lastKnownFileType = sourcecode.c.objc; path = "UIImageView+LXExtension.m"; sourceTree = "<group>"; };
		E94E91AC1D3CC4BB00790ECD /* NSString+LXExtension.h */ = {isa = PBXFileReference; fileEncoding = 4; lastKnownFileType = sourcecode.c.h; path = "NSString+LXExtension.h"; sourceTree = "<group>"; };
		E94E91AD1D3CC4BB00790ECD /* NSString+LXExtension.m */ = {isa = PBXFileReference; fileEncoding = 4; lastKnownFileType = sourcecode.c.objc; path = "NSString+LXExtension.m"; sourceTree = "<group>"; };
		E94E91AF1D3CC89C00790ECD /* LXTopicCell.h */ = {isa = PBXFileReference; fileEncoding = 4; lastKnownFileType = sourcecode.c.h; path = LXTopicCell.h; sourceTree = "<group>"; };
		E94E91B01D3CC89C00790ECD /* LXTopicCell.m */ = {isa = PBXFileReference; fileEncoding = 4; lastKnownFileType = sourcecode.c.objc; path = LXTopicCell.m; sourceTree = "<group>"; };
		E94E91B11D3CC89C00790ECD /* LXTopicCell.xib */ = {isa = PBXFileReference; fileEncoding = 4; lastKnownFileType = file.xib; path = LXTopicCell.xib; sourceTree = "<group>"; };
		E980FBBA1D46FFA4008CC643 /* LXPostViewController.h */ = {isa = PBXFileReference; fileEncoding = 4; lastKnownFileType = sourcecode.c.h; path = LXPostViewController.h; sourceTree = "<group>"; };
		E980FBBB1D46FFA4008CC643 /* LXPostViewController.m */ = {isa = PBXFileReference; fileEncoding = 4; lastKnownFileType = sourcecode.c.objc; path = LXPostViewController.m; sourceTree = "<group>"; };
		E980FBBD1D47368B008CC643 /* LXTimeSheetView.h */ = {isa = PBXFileReference; fileEncoding = 4; lastKnownFileType = sourcecode.c.h; path = LXTimeSheetView.h; sourceTree = "<group>"; };
		E980FBBE1D47368B008CC643 /* LXTimeSheetView.m */ = {isa = PBXFileReference; fileEncoding = 4; lastKnownFileType = sourcecode.c.objc; path = LXTimeSheetView.m; sourceTree = "<group>"; };
		E980FBC01D47369B008CC643 /* LXTimeSheetView.xib */ = {isa = PBXFileReference; fileEncoding = 4; lastKnownFileType = file.xib; path = LXTimeSheetView.xib; sourceTree = "<group>"; };
		E980FBC21D473959008CC643 /* LXLightView.xib */ = {isa = PBXFileReference; fileEncoding = 4; lastKnownFileType = file.xib; path = LXLightView.xib; sourceTree = "<group>"; };
		E980FBC41D473967008CC643 /* LXLightView.h */ = {isa = PBXFileReference; fileEncoding = 4; lastKnownFileType = sourcecode.c.h; path = LXLightView.h; sourceTree = "<group>"; };
		E980FBC51D473967008CC643 /* LXLightView.m */ = {isa = PBXFileReference; fileEncoding = 4; lastKnownFileType = sourcecode.c.objc; path = LXLightView.m; sourceTree = "<group>"; };
		E980FBC71D474805008CC643 /* LXRecommandViewController.h */ = {isa = PBXFileReference; fileEncoding = 4; lastKnownFileType = sourcecode.c.h; path = LXRecommandViewController.h; sourceTree = "<group>"; };
		E980FBC81D474805008CC643 /* LXRecommandViewController.m */ = {isa = PBXFileReference; fileEncoding = 4; lastKnownFileType = sourcecode.c.objc; path = LXRecommandViewController.m; sourceTree = "<group>"; };
		E980FBC91D474805008CC643 /* LXRecommandViewController.xib */ = {isa = PBXFileReference; fileEncoding = 4; lastKnownFileType = file.xib; path = LXRecommandViewController.xib; sourceTree = "<group>"; };
		E980FBCC1D474A4D008CC643 /* LXRecommandCategory.h */ = {isa = PBXFileReference; fileEncoding = 4; lastKnownFileType = sourcecode.c.h; path = LXRecommandCategory.h; sourceTree = "<group>"; };
		E980FBCD1D474A4D008CC643 /* LXRecommandCategory.m */ = {isa = PBXFileReference; fileEncoding = 4; lastKnownFileType = sourcecode.c.objc; path = LXRecommandCategory.m; sourceTree = "<group>"; };
		E980FBCF1D474ADE008CC643 /* LXRecommandUser.h */ = {isa = PBXFileReference; fileEncoding = 4; lastKnownFileType = sourcecode.c.h; path = LXRecommandUser.h; sourceTree = "<group>"; };
		E980FBD01D474ADE008CC643 /* LXRecommandUser.m */ = {isa = PBXFileReference; fileEncoding = 4; lastKnownFileType = sourcecode.c.objc; path = LXRecommandUser.m; sourceTree = "<group>"; };
		E980FBD21D474B31008CC643 /* LXTextField.h */ = {isa = PBXFileReference; fileEncoding = 4; lastKnownFileType = sourcecode.c.h; path = LXTextField.h; sourceTree = "<group>"; };
		E980FBD31D474B31008CC643 /* LXTextField.m */ = {isa = PBXFileReference; fileEncoding = 4; lastKnownFileType = sourcecode.c.objc; path = LXTextField.m; sourceTree = "<group>"; };
		E980FBD51D474C5C008CC643 /* LXRecommandCategoryCell.h */ = {isa = PBXFileReference; fileEncoding = 4; lastKnownFileType = sourcecode.c.h; path = LXRecommandCategoryCell.h; sourceTree = "<group>"; };
		E980FBD61D474C5C008CC643 /* LXRecommandCategoryCell.m */ = {isa = PBXFileReference; fileEncoding = 4; lastKnownFileType = sourcecode.c.objc; path = LXRecommandCategoryCell.m; sourceTree = "<group>"; };
		E980FBD71D474C5C008CC643 /* LXRecommandCategoryCell.xib */ = {isa = PBXFileReference; fileEncoding = 4; lastKnownFileType = file.xib; path = LXRecommandCategoryCell.xib; sourceTree = "<group>"; };
		E980FBDA1D474EAD008CC643 /* LXRecommandUserCell.h */ = {isa = PBXFileReference; fileEncoding = 4; lastKnownFileType = sourcecode.c.h; path = LXRecommandUserCell.h; sourceTree = "<group>"; };
		E980FBDB1D474EAD008CC643 /* LXRecommandUserCell.m */ = {isa = PBXFileReference; fileEncoding = 4; lastKnownFileType = sourcecode.c.objc; path = LXRecommandUserCell.m; sourceTree = "<group>"; };
		E980FBDC1D474EAD008CC643 /* LXRecommandUserCell.xib */ = {isa = PBXFileReference; fileEncoding = 4; lastKnownFileType = file.xib; path = LXRecommandUserCell.xib; sourceTree = "<group>"; };
		E9B7BB2B1D38B4530008E21D /* 百思不得姐.app */ = {isa = PBXFileReference; explicitFileType = wrapper.application; includeInIndex = 0; path = "百思不得姐.app"; sourceTree = BUILT_PRODUCTS_DIR; };
		E9B7BB2F1D38B4530008E21D /* main.m */ = {isa = PBXFileReference; lastKnownFileType = sourcecode.c.objc; path = main.m; sourceTree = "<group>"; };
		E9B7BB311D38B4530008E21D /* AppDelegate.h */ = {isa = PBXFileReference; lastKnownFileType = sourcecode.c.h; name = AppDelegate.h; path = ../../AppDelegate.h; sourceTree = "<group>"; };
		E9B7BB321D38B4530008E21D /* AppDelegate.m */ = {isa = PBXFileReference; lastKnownFileType = sourcecode.c.objc; name = AppDelegate.m; path = ../../AppDelegate.m; sourceTree = "<group>"; };
		E9B7BB341D38B4530008E21D /* ViewController.h */ = {isa = PBXFileReference; lastKnownFileType = sourcecode.c.h; name = ViewController.h; path = ../../ViewController.h; sourceTree = "<group>"; };
		E9B7BB351D38B4530008E21D /* ViewController.m */ = {isa = PBXFileReference; lastKnownFileType = sourcecode.c.objc; name = ViewController.m; path = ../../ViewController.m; sourceTree = "<group>"; };
		E9B7BB381D38B4530008E21D /* Base */ = {isa = PBXFileReference; lastKnownFileType = file.storyboard; name = Base; path = Base.lproj/Main.storyboard; sourceTree = "<group>"; };
		E9B7BB3A1D38B4530008E21D /* Assets.xcassets */ = {isa = PBXFileReference; lastKnownFileType = folder.assetcatalog; path = Assets.xcassets; sourceTree = "<group>"; };
		E9B7BB3D1D38B4530008E21D /* Base */ = {isa = PBXFileReference; lastKnownFileType = file.storyboard; name = Base; path = Base.lproj/LaunchScreen.storyboard; sourceTree = "<group>"; };
		E9B7BB3F1D38B4530008E21D /* Info.plist */ = {isa = PBXFileReference; lastKnownFileType = text.plist.xml; path = Info.plist; sourceTree = "<group>"; };
		E9B7BB661D38BC960008E21D /* LXNavigationController.h */ = {isa = PBXFileReference; fileEncoding = 4; lastKnownFileType = sourcecode.c.h; path = LXNavigationController.h; sourceTree = "<group>"; };
		E9B7BB671D38BC960008E21D /* LXNavigationController.m */ = {isa = PBXFileReference; fileEncoding = 4; lastKnownFileType = sourcecode.c.objc; path = LXNavigationController.m; sourceTree = "<group>"; };
		E9B7BB691D38BCB90008E21D /* LXTabbarController.h */ = {isa = PBXFileReference; fileEncoding = 4; lastKnownFileType = sourcecode.c.h; path = LXTabbarController.h; sourceTree = "<group>"; };
		E9B7BB6A1D38BCB90008E21D /* LXTabbarController.m */ = {isa = PBXFileReference; fileEncoding = 4; lastKnownFileType = sourcecode.c.objc; path = LXTabbarController.m; sourceTree = "<group>"; };
		E9B7BB701D38BF880008E21D /* LXTabbar.h */ = {isa = PBXFileReference; fileEncoding = 4; lastKnownFileType = sourcecode.c.h; path = LXTabbar.h; sourceTree = "<group>"; };
		E9B7BB711D38BF880008E21D /* LXTabbar.m */ = {isa = PBXFileReference; fileEncoding = 4; lastKnownFileType = sourcecode.c.objc; path = LXTabbar.m; sourceTree = "<group>"; };
		E9B7BB731D38C0800008E21D /* LXEssenceViewController.h */ = {isa = PBXFileReference; fileEncoding = 4; lastKnownFileType = sourcecode.c.h; path = LXEssenceViewController.h; sourceTree = "<group>"; };
		E9B7BB741D38C0810008E21D /* LXEssenceViewController.m */ = {isa = PBXFileReference; fileEncoding = 4; lastKnownFileType = sourcecode.c.objc; path = LXEssenceViewController.m; sourceTree = "<group>"; };
		E9B7BB7F1D38C9270008E21D /* LXTopicViewController.h */ = {isa = PBXFileReference; fileEncoding = 4; lastKnownFileType = sourcecode.c.h; path = LXTopicViewController.h; sourceTree = "<group>"; };
		E9B7BB801D38C9270008E21D /* LXTopicViewController.m */ = {isa = PBXFileReference; fileEncoding = 4; lastKnownFileType = sourcecode.c.objc; path = LXTopicViewController.m; sourceTree = "<group>"; };
		E9B7BB871D38CD480008E21D /* UIView+LXExtension.h */ = {isa = PBXFileReference; fileEncoding = 4; lastKnownFileType = sourcecode.c.h; path = "UIView+LXExtension.h"; sourceTree = "<group>"; };
		E9B7BB881D38CD480008E21D /* UIView+LXExtension.m */ = {isa = PBXFileReference; fileEncoding = 4; lastKnownFileType = sourcecode.c.objc; path = "UIView+LXExtension.m"; sourceTree = "<group>"; };
		E9B7BB8A1D38D1F20008E21D /* LXConst.h */ = {isa = PBXFileReference; fileEncoding = 4; lastKnownFileType = sourcecode.c.h; path = LXConst.h; sourceTree = "<group>"; };
		E9B7BB8B1D38D1F20008E21D /* LXConst.m */ = {isa = PBXFileReference; fileEncoding = 4; lastKnownFileType = sourcecode.c.objc; path = LXConst.m; sourceTree = "<group>"; };
		E9B7BB8D1D38DC280008E21D /* PrefixHeader.pch */ = {isa = PBXFileReference; lastKnownFileType = sourcecode.c.h; path = PrefixHeader.pch; sourceTree = "<group>"; };
		E9C1D9451D405FD50067DF15 /* LXVoiceView.h */ = {isa = PBXFileReference; fileEncoding = 4; lastKnownFileType = sourcecode.c.h; path = LXVoiceView.h; sourceTree = "<group>"; };
		E9C1D9461D405FD50067DF15 /* LXVoiceView.m */ = {isa = PBXFileReference; fileEncoding = 4; lastKnownFileType = sourcecode.c.objc; path = LXVoiceView.m; sourceTree = "<group>"; };
		E9C1D9481D405FEC0067DF15 /* LXVoiceView.xib */ = {isa = PBXFileReference; fileEncoding = 4; lastKnownFileType = file.xib; path = LXVoiceView.xib; sourceTree = "<group>"; };
		E9C1D94A1D4069CE0067DF15 /* Foundation+Log.m */ = {isa = PBXFileReference; fileEncoding = 4; lastKnownFileType = sourcecode.c.objc; path = "Foundation+Log.m"; sourceTree = "<group>"; };
		E9C1D9501D40779A0067DF15 /* LXNewViewController.h */ = {isa = PBXFileReference; fileEncoding = 4; lastKnownFileType = sourcecode.c.h; path = LXNewViewController.h; sourceTree = "<group>"; };
		E9C1D9511D40779A0067DF15 /* LXNewViewController.m */ = {isa = PBXFileReference; fileEncoding = 4; lastKnownFileType = sourcecode.c.objc; path = LXNewViewController.m; sourceTree = "<group>"; };
		E9C1D9531D40A22E0067DF15 /* LXAVPlayerTool.h */ = {isa = PBXFileReference; fileEncoding = 4; lastKnownFileType = sourcecode.c.h; path = LXAVPlayerTool.h; sourceTree = "<group>"; };
		E9C1D9541D40A22E0067DF15 /* LXAVPlayerTool.m */ = {isa = PBXFileReference; fileEncoding = 4; lastKnownFileType = sourcecode.c.objc; path = LXAVPlayerTool.m; sourceTree = "<group>"; };
		E9C1D9561D40A2660067DF15 /* LXAVPlayerDefine.h */ = {isa = PBXFileReference; lastKnownFileType = sourcecode.c.h; path = LXAVPlayerDefine.h; sourceTree = "<group>"; };
		E9C1D9571D40A2C50067DF15 /* LXAVPlayerView.h */ = {isa = PBXFileReference; fileEncoding = 4; lastKnownFileType = sourcecode.c.h; path = LXAVPlayerView.h; sourceTree = "<group>"; };
		E9C1D9581D40A2C50067DF15 /* LXAVPlayerView.m */ = {isa = PBXFileReference; fileEncoding = 4; lastKnownFileType = sourcecode.c.objc; path = LXAVPlayerView.m; sourceTree = "<group>"; };
		E9C1D95A1D40A2D60067DF15 /* LXAVPlayerView.xib */ = {isa = PBXFileReference; fileEncoding = 4; lastKnownFileType = file.xib; path = LXAVPlayerView.xib; sourceTree = "<group>"; };
		E9C1D95C1D40B75A0067DF15 /* LXFocusViewController.h */ = {isa = PBXFileReference; fileEncoding = 4; lastKnownFileType = sourcecode.c.h; path = LXFocusViewController.h; sourceTree = "<group>"; };
		E9C1D95D1D40B75A0067DF15 /* LXFocusViewController.m */ = {isa = PBXFileReference; fileEncoding = 4; lastKnownFileType = sourcecode.c.objc; path = LXFocusViewController.m; sourceTree = "<group>"; };
		E9C1D95E1D40B75A0067DF15 /* LXFocusViewController.xib */ = {isa = PBXFileReference; fileEncoding = 4; lastKnownFileType = file.xib; path = LXFocusViewController.xib; sourceTree = "<group>"; };
		E9C1D9611D40B9350067DF15 /* LXLoginRegisterViewController.h */ = {isa = PBXFileReference; fileEncoding = 4; lastKnownFileType = sourcecode.c.h; path = LXLoginRegisterViewController.h; sourceTree = "<group>"; };
		E9C1D9621D40B9350067DF15 /* LXLoginRegisterViewController.m */ = {isa = PBXFileReference; fileEncoding = 4; lastKnownFileType = sourcecode.c.objc; path = LXLoginRegisterViewController.m; sourceTree = "<group>"; };
		E9C1D9631D40B9350067DF15 /* LXLoginRegisterViewController.xib */ = {isa = PBXFileReference; fileEncoding = 4; lastKnownFileType = file.xib; path = LXLoginRegisterViewController.xib; sourceTree = "<group>"; };
		E9F4226C1D48940500860932 /* LXSetViewController.h */ = {isa = PBXFileReference; fileEncoding = 4; lastKnownFileType = sourcecode.c.h; path = LXSetViewController.h; sourceTree = "<group>"; };
		E9F4226D1D48940500860932 /* LXSetViewController.m */ = {isa = PBXFileReference; fileEncoding = 4; lastKnownFileType = sourcecode.c.objc; path = LXSetViewController.m; sourceTree = "<group>"; };
		FE640770C9206EA2EEE5A6AF /* Pods.release.xcconfig */ = {isa = PBXFileReference; includeInIndex = 1; lastKnownFileType = text.xcconfig; name = Pods.release.xcconfig; path = "Pods/Target Support Files/Pods/Pods.release.xcconfig"; sourceTree = "<group>"; };
/* End PBXFileReference section */

/* Begin PBXFrameworksBuildPhase section */
		E9B7BB281D38B4530008E21D /* Frameworks */ = {
			isa = PBXFrameworksBuildPhase;
			buildActionMask = 2147483647;
			files = (
				42043B5D21E148405CEA1FDC /* libPods.a in Frameworks */,
			);
			runOnlyForDeploymentPostprocessing = 0;
		};
/* End PBXFrameworksBuildPhase section */

/* Begin PBXGroup section */
		0F260D994FD8A830AD2A4F51 /* Pods */ = {
			isa = PBXGroup;
			children = (
				E26942780E11E439DEBF19C0 /* Pods.debug.xcconfig */,
				FE640770C9206EA2EEE5A6AF /* Pods.release.xcconfig */,
			);
			name = Pods;
			sourceTree = "<group>";
		};
		E918AA191D3F6C1800BE2F8A /* LXAVPlayer */ = {
			isa = PBXGroup;
			children = (
				E9C1D9561D40A2660067DF15 /* LXAVPlayerDefine.h */,
				E9C1D9531D40A22E0067DF15 /* LXAVPlayerTool.h */,
				E9C1D9541D40A22E0067DF15 /* LXAVPlayerTool.m */,
				E9C1D9571D40A2C50067DF15 /* LXAVPlayerView.h */,
				E9C1D9581D40A2C50067DF15 /* LXAVPlayerView.m */,
				E9C1D95A1D40A2D60067DF15 /* LXAVPlayerView.xib */,
				E980FBBD1D47368B008CC643 /* LXTimeSheetView.h */,
				E980FBBE1D47368B008CC643 /* LXTimeSheetView.m */,
				E980FBC01D47369B008CC643 /* LXTimeSheetView.xib */,
				E980FBC41D473967008CC643 /* LXLightView.h */,
				E980FBC51D473967008CC643 /* LXLightView.m */,
				E980FBC21D473959008CC643 /* LXLightView.xib */,
			);
			name = LXAVPlayer;
			path = LRLAVPlayer;
			sourceTree = "<group>";
		};
		E9B7BB221D38B4530008E21D = {
			isa = PBXGroup;
			children = (
				E9B7BB2D1D38B4530008E21D /* 百思不得姐 */,
				E9B7BB2C1D38B4530008E21D /* Products */,
				0F260D994FD8A830AD2A4F51 /* Pods */,
				F4BFE6D6F8DDC7609B605F70 /* Frameworks */,
			);
			sourceTree = "<group>";
		};
		E9B7BB2C1D38B4530008E21D /* Products */ = {
			isa = PBXGroup;
			children = (
				E9B7BB2B1D38B4530008E21D /* 百思不得姐.app */,
			);
			name = Products;
			sourceTree = "<group>";
		};
		E9B7BB2D1D38B4530008E21D /* 百思不得姐 */ = {
			isa = PBXGroup;
			children = (
				E9B7BB4C1D38BAA00008E21D /* Class */,
				E9B7BB371D38B4530008E21D /* Main.storyboard */,
				E9B7BB3A1D38B4530008E21D /* Assets.xcassets */,
				E9B7BB3C1D38B4530008E21D /* LaunchScreen.storyboard */,
				E9B7BB3F1D38B4530008E21D /* Info.plist */,
				E9B7BB2E1D38B4530008E21D /* Supporting Files */,
			);
			path = "百思不得姐";
			sourceTree = "<group>";
		};
		E9B7BB2E1D38B4530008E21D /* Supporting Files */ = {
			isa = PBXGroup;
			children = (
				E9B7BB2F1D38B4530008E21D /* main.m */,
			);
			name = "Supporting Files";
			sourceTree = "<group>";
		};
		E9B7BB4C1D38BAA00008E21D /* Class */ = {
			isa = PBXGroup;
			children = (
				E9B7BB4F1D38BAA00008E21D /* Main-主要 */,
				E9B7BB4D1D38BAA00008E21D /* Essence-精华 */,
				E9B7BB511D38BAA00008E21D /* New-新帖 */,
				E9B7BB531D38BAA00008E21D /* Publish-发布 */,
				E9B7BB4E1D38BAA00008E21D /* Focus-关注 */,
				E9B7BB501D38BAA00008E21D /* Me-我 */,
				E9B7BB521D38BAA00008E21D /* Other-其他 */,
			);
			path = Class;
			sourceTree = "<group>";
		};
		E9B7BB4D1D38BAA00008E21D /* Essence-精华 */ = {
			isa = PBXGroup;
			children = (
				E918AA191D3F6C1800BE2F8A /* LXAVPlayer */,
				E9B7BB541D38BC3E0008E21D /* Controller */,
				E9B7BB551D38BC3E0008E21D /* Model */,
				E9B7BB561D38BC3E0008E21D /* View */,
			);
			path = "Essence-精华";
			sourceTree = "<group>";
		};
		E9B7BB4E1D38BAA00008E21D /* Focus-关注 */ = {
			isa = PBXGroup;
			children = (
				E9B7BB571D38BC460008E21D /* Controller */,
				E9B7BB581D38BC460008E21D /* Model */,
				E9B7BB591D38BC460008E21D /* View */,
			);
			path = "Focus-关注";
			sourceTree = "<group>";
		};
		E9B7BB4F1D38BAA00008E21D /* Main-主要 */ = {
			isa = PBXGroup;
			children = (
				E9B7BB861D38CD300008E21D /* Category */,
				E9B7BB5A1D38BC4D0008E21D /* Controller */,
				E9B7BB5B1D38BC4D0008E21D /* Model */,
				E9B7BB5C1D38BC4D0008E21D /* View */,
			);
			path = "Main-主要";
			sourceTree = "<group>";
		};
		E9B7BB501D38BAA00008E21D /* Me-我 */ = {
			isa = PBXGroup;
			children = (
				E9B7BB5D1D38BC590008E21D /* Controller */,
				E9B7BB5E1D38BC590008E21D /* Model */,
				E9B7BB5F1D38BC590008E21D /* View */,
			);
			path = "Me-我";
			sourceTree = "<group>";
		};
		E9B7BB511D38BAA00008E21D /* New-新帖 */ = {
			isa = PBXGroup;
			children = (
				E9B7BB601D38BC600008E21D /* Controller */,
				E9B7BB611D38BC600008E21D /* Model */,
				E9B7BB621D38BC600008E21D /* View */,
			);
			path = "New-新帖";
			sourceTree = "<group>";
		};
		E9B7BB521D38BAA00008E21D /* Other-其他 */ = {
			isa = PBXGroup;
			children = (
				E9B7BB311D38B4530008E21D /* AppDelegate.h */,
				E9B7BB321D38B4530008E21D /* AppDelegate.m */,
				E9B7BB341D38B4530008E21D /* ViewController.h */,
				E9B7BB351D38B4530008E21D /* ViewController.m */,
				E9B7BB8A1D38D1F20008E21D /* LXConst.h */,
				E9B7BB8B1D38D1F20008E21D /* LXConst.m */,
				E9B7BB8D1D38DC280008E21D /* PrefixHeader.pch */,
			);
			path = "Other-其他";
			sourceTree = "<group>";
		};
		E9B7BB531D38BAA00008E21D /* Publish-发布 */ = {
			isa = PBXGroup;
			children = (
				E9B7BB631D38BC6B0008E21D /* Controller */,
				E9B7BB641D38BC6B0008E21D /* Model */,
				E9B7BB651D38BC6B0008E21D /* View */,
			);
			path = "Publish-发布";
			sourceTree = "<group>";
		};
		E9B7BB541D38BC3E0008E21D /* Controller */ = {
			isa = PBXGroup;
			children = (
				E9B7BB731D38C0800008E21D /* LXEssenceViewController.h */,
				E9B7BB741D38C0810008E21D /* LXEssenceViewController.m */,
				E9B7BB7F1D38C9270008E21D /* LXTopicViewController.h */,
				E9B7BB801D38C9270008E21D /* LXTopicViewController.m */,
				E94E91851D3C661C00790ECD /* LXCommentViewController.h */,
				E94E91861D3C661C00790ECD /* LXCommentViewController.m */,
				E94E91871D3C661C00790ECD /* LXCommentViewController.xib */,
				E918A9FC1D3F2EB500BE2F8A /* LXRecommandTagsViewController.h */,
				E918A9FD1D3F2EB500BE2F8A /* LXRecommandTagsViewController.m */,
				E918AA071D3F592A00BE2F8A /* LXShowPictureViewController.h */,
				E918AA081D3F592A00BE2F8A /* LXShowPictureViewController.m */,
				E918AA091D3F592A00BE2F8A /* LXShowPictureViewController.xib */,
			);
			path = Controller;
			sourceTree = "<group>";
		};
		E9B7BB551D38BC3E0008E21D /* Model */ = {
			isa = PBXGroup;
			children = (
				E94E918A1D3C696C00790ECD /* LXComment.h */,
				E94E918B1D3C696C00790ECD /* LXComment.m */,
				E94E918D1D3C6D8800790ECD /* LXRecommandTag.h */,
				E94E918E1D3C6D8800790ECD /* LXRecommandTag.m */,
				E94E91901D3C6DA900790ECD /* LXTopic.h */,
				E94E91911D3C6DA900790ECD /* LXTopic.m */,
				E94E91931D3C6DE600790ECD /* LXUser.h */,
				E94E91941D3C6DE600790ECD /* LXUser.m */,
			);
			path = Model;
			sourceTree = "<group>";
		};
		E9B7BB561D38BC3E0008E21D /* View */ = {
			isa = PBXGroup;
			children = (
				E94E91AF1D3CC89C00790ECD /* LXTopicCell.h */,
				E94E91B01D3CC89C00790ECD /* LXTopicCell.m */,
				E94E91B11D3CC89C00790ECD /* LXTopicCell.xib */,
				E918A9FF1D3F4E0B00BE2F8A /* LXRecommandTagCell.h */,
				E918AA001D3F4E0B00BE2F8A /* LXRecommandTagCell.m */,
				E918AA011D3F4E0B00BE2F8A /* LXRecommandTagCell.xib */,
				E918AA0C1D3F5E1500BE2F8A /* LXProgressView.h */,
				E918AA0D1D3F5E1500BE2F8A /* LXProgressView.m */,
				E918AA0F1D3F5F9300BE2F8A /* LXTopicPictureView.h */,
				E918AA101D3F5F9300BE2F8A /* LXTopicPictureView.m */,
				E918AA121D3F5FAC00BE2F8A /* LXTopicPictureView.xib */,
				E918AA141D3F67B600BE2F8A /* LXVideoView.h */,
				E918AA151D3F67B600BE2F8A /* LXVideoView.m */,
				E918AA171D3F67C400BE2F8A /* LXVideoView.xib */,
				E9C1D9451D405FD50067DF15 /* LXVoiceView.h */,
				E9C1D9461D405FD50067DF15 /* LXVoiceView.m */,
				E9C1D9481D405FEC0067DF15 /* LXVoiceView.xib */,
				E942179F1D41FD87004EFC90 /* LXCommentHeaderView.h */,
				E94217A01D41FD87004EFC90 /* LXCommentHeaderView.m */,
				E94217A21D41FF4D004EFC90 /* LXCommentCell.h */,
				E94217A31D41FF4D004EFC90 /* LXCommentCell.m */,
				E94217A41D41FF4D004EFC90 /* LXCommentCell.xib */,
			);
			path = View;
			sourceTree = "<group>";
		};
		E9B7BB571D38BC460008E21D /* Controller */ = {
			isa = PBXGroup;
			children = (
				E9C1D95C1D40B75A0067DF15 /* LXFocusViewController.h */,
				E9C1D95D1D40B75A0067DF15 /* LXFocusViewController.m */,
				E9C1D95E1D40B75A0067DF15 /* LXFocusViewController.xib */,
				E9C1D9611D40B9350067DF15 /* LXLoginRegisterViewController.h */,
				E9C1D9621D40B9350067DF15 /* LXLoginRegisterViewController.m */,
				E9C1D9631D40B9350067DF15 /* LXLoginRegisterViewController.xib */,
				E980FBC71D474805008CC643 /* LXRecommandViewController.h */,
				E980FBC81D474805008CC643 /* LXRecommandViewController.m */,
				E980FBC91D474805008CC643 /* LXRecommandViewController.xib */,
			);
			path = Controller;
			sourceTree = "<group>";
		};
		E9B7BB581D38BC460008E21D /* Model */ = {
			isa = PBXGroup;
			children = (
				E980FBCC1D474A4D008CC643 /* LXRecommandCategory.h */,
				E980FBCD1D474A4D008CC643 /* LXRecommandCategory.m */,
				E980FBCF1D474ADE008CC643 /* LXRecommandUser.h */,
				E980FBD01D474ADE008CC643 /* LXRecommandUser.m */,
			);
			path = Model;
			sourceTree = "<group>";
		};
		E9B7BB591D38BC460008E21D /* View */ = {
			isa = PBXGroup;
			children = (
				E918AA241D3F793200BE2F8A /* LXVerticalButton.h */,
				E918AA251D3F793200BE2F8A /* LXVerticalButton.m */,
				E980FBD21D474B31008CC643 /* LXTextField.h */,
				E980FBD31D474B31008CC643 /* LXTextField.m */,
				E980FBD51D474C5C008CC643 /* LXRecommandCategoryCell.h */,
				E980FBD61D474C5C008CC643 /* LXRecommandCategoryCell.m */,
				E980FBD71D474C5C008CC643 /* LXRecommandCategoryCell.xib */,
				E980FBDA1D474EAD008CC643 /* LXRecommandUserCell.h */,
				E980FBDB1D474EAD008CC643 /* LXRecommandUserCell.m */,
				E980FBDC1D474EAD008CC643 /* LXRecommandUserCell.xib */,
			);
			path = View;
			sourceTree = "<group>";
		};
		E9B7BB5A1D38BC4D0008E21D /* Controller */ = {
			isa = PBXGroup;
			children = (
				E9B7BB661D38BC960008E21D /* LXNavigationController.h */,
				E9B7BB671D38BC960008E21D /* LXNavigationController.m */,
				E9B7BB691D38BCB90008E21D /* LXTabbarController.h */,
				E9B7BB6A1D38BCB90008E21D /* LXTabbarController.m */,
			);
			path = Controller;
			sourceTree = "<group>";
		};
		E9B7BB5B1D38BC4D0008E21D /* Model */ = {
			isa = PBXGroup;
			children = (
			);
			path = Model;
			sourceTree = "<group>";
		};
		E9B7BB5C1D38BC4D0008E21D /* View */ = {
			isa = PBXGroup;
			children = (
				E9B7BB701D38BF880008E21D /* LXTabbar.h */,
				E9B7BB711D38BF880008E21D /* LXTabbar.m */,
				E94E91A01D3CB40300790ECD /* LXTopWindow.h */,
				E94E91A11D3CB40300790ECD /* LXTopWindow.m */,
			);
			path = View;
			sourceTree = "<group>";
		};
		E9B7BB5D1D38BC590008E21D /* Controller */ = {
			isa = PBXGroup;
			children = (
				E94E919D1D3CAB8200790ECD /* LXMeViewController.h */,
				E94E919E1D3CAB8200790ECD /* LXMeViewController.m */,
				E94217AA1D421DC7004EFC90 /* LXWebViewController.h */,
				E94217AB1D421DC7004EFC90 /* LXWebViewController.m */,
				E94217AC1D421DC7004EFC90 /* LXWebViewController.xib */,
				E9F4226C1D48940500860932 /* LXSetViewController.h */,
				E9F4226D1D48940500860932 /* LXSetViewController.m */,
			);
			path = Controller;
			sourceTree = "<group>";
		};
		E9B7BB5E1D38BC590008E21D /* Model */ = {
			isa = PBXGroup;
			children = (
				E94217A71D421D85004EFC90 /* LXSquare.h */,
				E94217A81D421D85004EFC90 /* LXSquare.m */,
			);
			path = Model;
			sourceTree = "<group>";
		};
		E9B7BB5F1D38BC590008E21D /* View */ = {
			isa = PBXGroup;
			children = (
				E94217AF1D421E07004EFC90 /* LXMineCell.h */,
				E94217B01D421E07004EFC90 /* LXMineCell.m */,
				E94217B21D421E58004EFC90 /* LXMineFooterView.h */,
				E94217B31D421E58004EFC90 /* LXMineFooterView.m */,
				E94217B51D421E90004EFC90 /* LXSquareButton.h */,
				E94217B61D421E90004EFC90 /* LXSquareButton.m */,
			);
			path = View;
			sourceTree = "<group>";
		};
		E9B7BB601D38BC600008E21D /* Controller */ = {
			isa = PBXGroup;
			children = (
				E9C1D9501D40779A0067DF15 /* LXNewViewController.h */,
				E9C1D9511D40779A0067DF15 /* LXNewViewController.m */,
			);
			path = Controller;
			sourceTree = "<group>";
		};
		E9B7BB611D38BC600008E21D /* Model */ = {
			isa = PBXGroup;
			children = (
			);
			path = Model;
			sourceTree = "<group>";
		};
		E9B7BB621D38BC600008E21D /* View */ = {
			isa = PBXGroup;
			children = (
			);
			path = View;
			sourceTree = "<group>";
		};
		E9B7BB631D38BC6B0008E21D /* Controller */ = {
			isa = PBXGroup;
			children = (
				E918AA1F1D3F77F400BE2F8A /* LXPublishViewController.h */,
				E918AA201D3F77F400BE2F8A /* LXPublishViewController.m */,
				E918AA211D3F77F400BE2F8A /* LXPublishViewController.xib */,
				E980FBBA1D46FFA4008CC643 /* LXPostViewController.h */,
				E980FBBB1D46FFA4008CC643 /* LXPostViewController.m */,
			);
			path = Controller;
			sourceTree = "<group>";
		};
		E9B7BB641D38BC6B0008E21D /* Model */ = {
			isa = PBXGroup;
			children = (
			);
			path = Model;
			sourceTree = "<group>";
		};
		E9B7BB651D38BC6B0008E21D /* View */ = {
			isa = PBXGroup;
			children = (
				E918AA1A1D3F763300BE2F8A /* LXPublishView.h */,
				E918AA1B1D3F763300BE2F8A /* LXPublishView.m */,
				E918AA1D1D3F764300BE2F8A /* LXPublishView.xib */,
			);
			path = View;
			sourceTree = "<group>";
		};
		E9B7BB861D38CD300008E21D /* Category */ = {
			isa = PBXGroup;
			children = (
				E9C1D94A1D4069CE0067DF15 /* Foundation+Log.m */,
				E9B7BB871D38CD480008E21D /* UIView+LXExtension.h */,
				E9B7BB881D38CD480008E21D /* UIView+LXExtension.m */,
				E94E919A1D3C714B00790ECD /* NSDate+LXExtension.h */,
				E94E919B1D3C714B00790ECD /* NSDate+LXExtension.m */,
				E94E91A31D3CB49D00790ECD /* UIBarButtonItem+LXExtension.h */,
				E94E91A41D3CB49D00790ECD /* UIBarButtonItem+LXExtension.m */,
				E94E91A61D3CC3D600790ECD /* UIImage+LXExtension.h */,
				E94E91A71D3CC3D600790ECD /* UIImage+LXExtension.m */,
				E94E91A91D3CC47200790ECD /* UIImageView+LXExtension.h */,
				E94E91AA1D3CC47200790ECD /* UIImageView+LXExtension.m */,
				E94E91AC1D3CC4BB00790ECD /* NSString+LXExtension.h */,
				E94E91AD1D3CC4BB00790ECD /* NSString+LXExtension.m */,
			);
			path = Category;
			sourceTree = "<group>";
		};
		F4BFE6D6F8DDC7609B605F70 /* Frameworks */ = {
			isa = PBXGroup;
			children = (
				92930CD9270B3618967E5D8B /* libPods.a */,
			);
			name = Frameworks;
			sourceTree = "<group>";
		};
/* End PBXGroup section */

/* Begin PBXNativeTarget section */
		E9B7BB2A1D38B4530008E21D /* 百思不得姐 */ = {
			isa = PBXNativeTarget;
			buildConfigurationList = E9B7BB421D38B4530008E21D /* Build configuration list for PBXNativeTarget "百思不得姐" */;
			buildPhases = (
				628E782290182A4A914D06B9 /* Check Pods Manifest.lock */,
				E9B7BB271D38B4530008E21D /* Sources */,
				E9B7BB281D38B4530008E21D /* Frameworks */,
				E9B7BB291D38B4530008E21D /* Resources */,
				A4423A365655CB4160670CF0 /* Embed Pods Frameworks */,
				B896036112C0056223A980D8 /* Copy Pods Resources */,
			);
			buildRules = (
			);
			dependencies = (
			);
			name = "百思不得姐";
			productName = "百思不得姐";
			productReference = E9B7BB2B1D38B4530008E21D /* 百思不得姐.app */;
			productType = "com.apple.product-type.application";
		};
/* End PBXNativeTarget section */

/* Begin PBXProject section */
		E9B7BB231D38B4530008E21D /* Project object */ = {
			isa = PBXProject;
			attributes = {
				LastUpgradeCheck = 0720;
				ORGANIZATIONNAME = "李想";
				TargetAttributes = {
					E9B7BB2A1D38B4530008E21D = {
						CreatedOnToolsVersion = 7.2.1;
					};
				};
			};
			buildConfigurationList = E9B7BB261D38B4530008E21D /* Build configuration list for PBXProject "百思不得姐" */;
			compatibilityVersion = "Xcode 3.2";
			developmentRegion = English;
			hasScannedForEncodings = 0;
			knownRegions = (
				en,
				Base,
			);
			mainGroup = E9B7BB221D38B4530008E21D;
			productRefGroup = E9B7BB2C1D38B4530008E21D /* Products */;
			projectDirPath = "";
			projectRoot = "";
			targets = (
				E9B7BB2A1D38B4530008E21D /* 百思不得姐 */,
			);
		};
/* End PBXProject section */

/* Begin PBXResourcesBuildPhase section */
		E9B7BB291D38B4530008E21D /* Resources */ = {
			isa = PBXResourcesBuildPhase;
			buildActionMask = 2147483647;
			files = (
				E918AA1E1D3F764300BE2F8A /* LXPublishView.xib in Resources */,
				E9B7BB3E1D38B4530008E21D /* LaunchScreen.storyboard in Resources */,
				E918AA131D3F5FAC00BE2F8A /* LXTopicPictureView.xib in Resources */,
				E980FBC31D473959008CC643 /* LXLightView.xib in Resources */,
				E9C1D95B1D40A2D60067DF15 /* LXAVPlayerView.xib in Resources */,
				E918AA031D3F4E0B00BE2F8A /* LXRecommandTagCell.xib in Resources */,
				E9B7BB3B1D38B4530008E21D /* Assets.xcassets in Resources */,
				E980FBDE1D474EAD008CC643 /* LXRecommandUserCell.xib in Resources */,
				E980FBCB1D474805008CC643 /* LXRecommandViewController.xib in Resources */,
				E9C1D9491D405FEC0067DF15 /* LXVoiceView.xib in Resources */,
				E918AA231D3F77F400BE2F8A /* LXPublishViewController.xib in Resources */,
				E918AA0B1D3F592A00BE2F8A /* LXShowPictureViewController.xib in Resources */,
				E980FBC11D47369B008CC643 /* LXTimeSheetView.xib in Resources */,
				E94217A61D41FF4D004EFC90 /* LXCommentCell.xib in Resources */,
				E94217AE1D421DC7004EFC90 /* LXWebViewController.xib in Resources */,
				E94E91891D3C661C00790ECD /* LXCommentViewController.xib in Resources */,
				E94E91B31D3CC89C00790ECD /* LXTopicCell.xib in Resources */,
				E9C1D9601D40B75A0067DF15 /* LXFocusViewController.xib in Resources */,
				E980FBD91D474C5C008CC643 /* LXRecommandCategoryCell.xib in Resources */,
				E9B7BB391D38B4530008E21D /* Main.storyboard in Resources */,
				E918AA181D3F67C400BE2F8A /* LXVideoView.xib in Resources */,
				E9C1D9651D40B9350067DF15 /* LXLoginRegisterViewController.xib in Resources */,
			);
			runOnlyForDeploymentPostprocessing = 0;
		};
/* End PBXResourcesBuildPhase section */

/* Begin PBXShellScriptBuildPhase section */
		628E782290182A4A914D06B9 /* Check Pods Manifest.lock */ = {
			isa = PBXShellScriptBuildPhase;
			buildActionMask = 2147483647;
			files = (
			);
			inputPaths = (
			);
			name = "Check Pods Manifest.lock";
			outputPaths = (
			);
			runOnlyForDeploymentPostprocessing = 0;
			shellPath = /bin/sh;
			shellScript = "diff \"${PODS_ROOT}/../Podfile.lock\" \"${PODS_ROOT}/Manifest.lock\" > /dev/null\nif [[ $? != 0 ]] ; then\n    cat << EOM\nerror: The sandbox is not in sync with the Podfile.lock. Run 'pod install' or update your CocoaPods installation.\nEOM\n    exit 1\nfi\n";
			showEnvVarsInLog = 0;
		};
		A4423A365655CB4160670CF0 /* Embed Pods Frameworks */ = {
			isa = PBXShellScriptBuildPhase;
			buildActionMask = 2147483647;
			files = (
			);
			inputPaths = (
			);
			name = "Embed Pods Frameworks";
			outputPaths = (
			);
			runOnlyForDeploymentPostprocessing = 0;
			shellPath = /bin/sh;
			shellScript = "\"${SRCROOT}/Pods/Target Support Files/Pods/Pods-frameworks.sh\"\n";
			showEnvVarsInLog = 0;
		};
		B896036112C0056223A980D8 /* Copy Pods Resources */ = {
			isa = PBXShellScriptBuildPhase;
			buildActionMask = 2147483647;
			files = (
			);
			inputPaths = (
			);
			name = "Copy Pods Resources";
			outputPaths = (
			);
			runOnlyForDeploymentPostprocessing = 0;
			shellPath = /bin/sh;
			shellScript = "\"${SRCROOT}/Pods/Target Support Files/Pods/Pods-resources.sh\"\n";
			showEnvVarsInLog = 0;
		};
/* End PBXShellScriptBuildPhase section */

/* Begin PBXSourcesBuildPhase section */
		E9B7BB271D38B4530008E21D /* Sources */ = {
			isa = PBXSourcesBuildPhase;
			buildActionMask = 2147483647;
			files = (
				E918AA1C1D3F763300BE2F8A /* LXPublishView.m in Sources */,
				E918AA0A1D3F592A00BE2F8A /* LXShowPictureViewController.m in Sources */,
				E980FBD41D474B31008CC643 /* LXTextField.m in Sources */,
				E980FBC61D473967008CC643 /* LXLightView.m in Sources */,
				E94217B41D421E58004EFC90 /* LXMineFooterView.m in Sources */,
				E980FBBF1D47368B008CC643 /* LXTimeSheetView.m in Sources */,
				E94217AD1D421DC7004EFC90 /* LXWebViewController.m in Sources */,
				E94E91881D3C661C00790ECD /* LXCommentViewController.m in Sources */,
				E94E918F1D3C6D8800790ECD /* LXRecommandTag.m in Sources */,
				E94E91AB1D3CC47200790ECD /* UIImageView+LXExtension.m in Sources */,
				E9B7BB6B1D38BCB90008E21D /* LXTabbarController.m in Sources */,
				E94E919F1D3CAB8200790ECD /* LXMeViewController.m in Sources */,
				E918AA021D3F4E0B00BE2F8A /* LXRecommandTagCell.m in Sources */,
				E980FBCE1D474A4D008CC643 /* LXRecommandCategory.m in Sources */,
				E9B7BB361D38B4530008E21D /* ViewController.m in Sources */,
				E9F4226E1D48940500860932 /* LXSetViewController.m in Sources */,
				E9C1D9551D40A22E0067DF15 /* LXAVPlayerTool.m in Sources */,
				E980FBBC1D46FFA4008CC643 /* LXPostViewController.m in Sources */,
				E94E91A81D3CC3D600790ECD /* UIImage+LXExtension.m in Sources */,
				E980FBD11D474ADE008CC643 /* LXRecommandUser.m in Sources */,
				E9C1D9471D405FD50067DF15 /* LXVoiceView.m in Sources */,
				E9C1D9641D40B9350067DF15 /* LXLoginRegisterViewController.m in Sources */,
				E94E91B21D3CC89C00790ECD /* LXTopicCell.m in Sources */,
				E9B7BB331D38B4530008E21D /* AppDelegate.m in Sources */,
				E9B7BB721D38BF880008E21D /* LXTabbar.m in Sources */,
				E94E91A21D3CB40300790ECD /* LXTopWindow.m in Sources */,
				E918AA221D3F77F400BE2F8A /* LXPublishViewController.m in Sources */,
				E94E918C1D3C696C00790ECD /* LXComment.m in Sources */,
				E9C1D9591D40A2C50067DF15 /* LXAVPlayerView.m in Sources */,
				E94E91A51D3CB49D00790ECD /* UIBarButtonItem+LXExtension.m in Sources */,
				E918A9FE1D3F2EB500BE2F8A /* LXRecommandTagsViewController.m in Sources */,
				E94E91AE1D3CC4BB00790ECD /* NSString+LXExtension.m in Sources */,
				E9B7BB891D38CD480008E21D /* UIView+LXExtension.m in Sources */,
				E9B7BB751D38C0810008E21D /* LXEssenceViewController.m in Sources */,
				E9C1D9521D40779A0067DF15 /* LXNewViewController.m in Sources */,
				E980FBCA1D474805008CC643 /* LXRecommandViewController.m in Sources */,
				E9C1D94B1D4069CE0067DF15 /* Foundation+Log.m in Sources */,
				E94217B11D421E07004EFC90 /* LXMineCell.m in Sources */,
				E918AA161D3F67B600BE2F8A /* LXVideoView.m in Sources */,
				E9C1D95F1D40B75A0067DF15 /* LXFocusViewController.m in Sources */,
				E9B7BB811D38C9270008E21D /* LXTopicViewController.m in Sources */,
				E918AA111D3F5F9300BE2F8A /* LXTopicPictureView.m in Sources */,
				E9B7BB301D38B4530008E21D /* main.m in Sources */,
				E9B7BB681D38BC960008E21D /* LXNavigationController.m in Sources */,
				E9B7BB8C1D38D1F20008E21D /* LXConst.m in Sources */,
				E980FBD81D474C5C008CC643 /* LXRecommandCategoryCell.m in Sources */,
				E94E91951D3C6DE600790ECD /* LXUser.m in Sources */,
				E94217A11D41FD87004EFC90 /* LXCommentHeaderView.m in Sources */,
				E94E919C1D3C714B00790ECD /* NSDate+LXExtension.m in Sources */,
				E94217B71D421E90004EFC90 /* LXSquareButton.m in Sources */,
				E94E91921D3C6DA900790ECD /* LXTopic.m in Sources */,
				E980FBDD1D474EAD008CC643 /* LXRecommandUserCell.m in Sources */,
				E918AA0E1D3F5E1500BE2F8A /* LXProgressView.m in Sources */,
				E94217A51D41FF4D004EFC90 /* LXCommentCell.m in Sources */,
				E94217A91D421D85004EFC90 /* LXSquare.m in Sources */,
				E918AA261D3F793200BE2F8A /* LXVerticalButton.m in Sources */,
			);
			runOnlyForDeploymentPostprocessing = 0;
		};
/* End PBXSourcesBuildPhase section */

/* Begin PBXVariantGroup section */
		E9B7BB371D38B4530008E21D /* Main.storyboard */ = {
			isa = PBXVariantGroup;
			children = (
				E9B7BB381D38B4530008E21D /* Base */,
			);
			name = Main.storyboard;
			sourceTree = "<group>";
		};
		E9B7BB3C1D38B4530008E21D /* LaunchScreen.storyboard */ = {
			isa = PBXVariantGroup;
			children = (
				E9B7BB3D1D38B4530008E21D /* Base */,
			);
			name = LaunchScreen.storyboard;
			sourceTree = "<group>";
		};
/* End PBXVariantGroup section */

/* Begin XCBuildConfiguration section */
		E9B7BB401D38B4530008E21D /* Debug */ = {
			isa = XCBuildConfiguration;
			buildSettings = {
				ALWAYS_SEARCH_USER_PATHS = NO;
				CLANG_CXX_LANGUAGE_STANDARD = "gnu++0x";
				CLANG_CXX_LIBRARY = "libc++";
				CLANG_ENABLE_MODULES = YES;
				CLANG_ENABLE_OBJC_ARC = YES;
				CLANG_WARN_BOOL_CONVERSION = YES;
				CLANG_WARN_CONSTANT_CONVERSION = YES;
				CLANG_WARN_DIRECT_OBJC_ISA_USAGE = YES_ERROR;
				CLANG_WARN_EMPTY_BODY = YES;
				CLANG_WARN_ENUM_CONVERSION = YES;
				CLANG_WARN_INT_CONVERSION = YES;
				CLANG_WARN_OBJC_ROOT_CLASS = YES_ERROR;
				CLANG_WARN_UNREACHABLE_CODE = YES;
				CLANG_WARN__DUPLICATE_METHOD_MATCH = YES;
				"CODE_SIGN_IDENTITY[sdk=iphoneos*]" = "iPhone Developer";
				COPY_PHASE_STRIP = NO;
				DEBUG_INFORMATION_FORMAT = dwarf;
				ENABLE_STRICT_OBJC_MSGSEND = YES;
				ENABLE_TESTABILITY = YES;
				GCC_C_LANGUAGE_STANDARD = gnu99;
				GCC_DYNAMIC_NO_PIC = NO;
				GCC_NO_COMMON_BLOCKS = YES;
				GCC_OPTIMIZATION_LEVEL = 0;
				GCC_PREPROCESSOR_DEFINITIONS = (
					"DEBUG=1",
					"$(inherited)",
				);
				GCC_WARN_64_TO_32_BIT_CONVERSION = YES;
				GCC_WARN_ABOUT_RETURN_TYPE = YES_ERROR;
				GCC_WARN_UNDECLARED_SELECTOR = YES;
				GCC_WARN_UNINITIALIZED_AUTOS = YES_AGGRESSIVE;
				GCC_WARN_UNUSED_FUNCTION = YES;
				GCC_WARN_UNUSED_VARIABLE = YES;
				IPHONEOS_DEPLOYMENT_TARGET = 9.2;
				MTL_ENABLE_DEBUG_INFO = YES;
				ONLY_ACTIVE_ARCH = YES;
				SDKROOT = iphoneos;
			};
			name = Debug;
		};
		E9B7BB411D38B4530008E21D /* Release */ = {
			isa = XCBuildConfiguration;
			buildSettings = {
				ALWAYS_SEARCH_USER_PATHS = NO;
				CLANG_CXX_LANGUAGE_STANDARD = "gnu++0x";
				CLANG_CXX_LIBRARY = "libc++";
				CLANG_ENABLE_MODULES = YES;
				CLANG_ENABLE_OBJC_ARC = YES;
				CLANG_WARN_BOOL_CONVERSION = YES;
				CLANG_WARN_CONSTANT_CONVERSION = YES;
				CLANG_WARN_DIRECT_OBJC_ISA_USAGE = YES_ERROR;
				CLANG_WARN_EMPTY_BODY = YES;
				CLANG_WARN_ENUM_CONVERSION = YES;
				CLANG_WARN_INT_CONVERSION = YES;
				CLANG_WARN_OBJC_ROOT_CLASS = YES_ERROR;
				CLANG_WARN_UNREACHABLE_CODE = YES;
				CLANG_WARN__DUPLICATE_METHOD_MATCH = YES;
				"CODE_SIGN_IDENTITY[sdk=iphoneos*]" = "iPhone Developer";
				COPY_PHASE_STRIP = NO;
				DEBUG_INFORMATION_FORMAT = "dwarf-with-dsym";
				ENABLE_NS_ASSERTIONS = NO;
				ENABLE_STRICT_OBJC_MSGSEND = YES;
				GCC_C_LANGUAGE_STANDARD = gnu99;
				GCC_NO_COMMON_BLOCKS = YES;
				GCC_WARN_64_TO_32_BIT_CONVERSION = YES;
				GCC_WARN_ABOUT_RETURN_TYPE = YES_ERROR;
				GCC_WARN_UNDECLARED_SELECTOR = YES;
				GCC_WARN_UNINITIALIZED_AUTOS = YES_AGGRESSIVE;
				GCC_WARN_UNUSED_FUNCTION = YES;
				GCC_WARN_UNUSED_VARIABLE = YES;
				IPHONEOS_DEPLOYMENT_TARGET = 9.2;
				MTL_ENABLE_DEBUG_INFO = NO;
				SDKROOT = iphoneos;
				VALIDATE_PRODUCT = YES;
			};
			name = Release;
		};
		E9B7BB431D38B4530008E21D /* Debug */ = {
			isa = XCBuildConfiguration;
			baseConfigurationReference = E26942780E11E439DEBF19C0 /* Pods.debug.xcconfig */;
			buildSettings = {
				ASSETCATALOG_COMPILER_APPICON_NAME = AppIcon;
				ASSETCATALOG_COMPILER_LAUNCHIMAGE_NAME = LaunchImage;
				CODE_SIGN_IDENTITY = "iPhone Developer";
				INFOPLIST_FILE = "百思不得姐/Info.plist";
				IPHONEOS_DEPLOYMENT_TARGET = 8.0;
				LD_RUNPATH_SEARCH_PATHS = "$(inherited) @executable_path/Frameworks";
				PRODUCT_BUNDLE_IDENTIFIER = com.dunoinfo.www.Baisi.LX;
				PRODUCT_NAME = "$(TARGET_NAME)";
				TARGETED_DEVICE_FAMILY = 1;
				USER_HEADER_SEARCH_PATHS = "$(PODS_ROOT)/**";
			};
			name = Debug;
		};
		E9B7BB441D38B4530008E21D /* Release */ = {
			isa = XCBuildConfiguration;
			baseConfigurationReference = FE640770C9206EA2EEE5A6AF /* Pods.release.xcconfig */;
			buildSettings = {
				ASSETCATALOG_COMPILER_APPICON_NAME = AppIcon;
				ASSETCATALOG_COMPILER_LAUNCHIMAGE_NAME = LaunchImage;
				CODE_SIGN_IDENTITY = "iPhone Developer";
				INFOPLIST_FILE = "百思不得姐/Info.plist";
				IPHONEOS_DEPLOYMENT_TARGET = 8.0;
				LD_RUNPATH_SEARCH_PATHS = "$(inherited) @executable_path/Frameworks";
				PRODUCT_BUNDLE_IDENTIFIER = com.dunoinfo.www.Baisi.LX;
				PRODUCT_NAME = "$(TARGET_NAME)";
				TARGETED_DEVICE_FAMILY = 1;
				USER_HEADER_SEARCH_PATHS = "$(PODS_ROOT)/**";
			};
			name = Release;
		};
/* End XCBuildConfiguration section */

/* Begin XCConfigurationList section */
		E9B7BB261D38B4530008E21D /* Build configuration list for PBXProject "百思不得姐" */ = {
			isa = XCConfigurationList;
			buildConfigurations = (
				E9B7BB401D38B4530008E21D /* Debug */,
				E9B7BB411D38B4530008E21D /* Release */,
			);
			defaultConfigurationIsVisible = 0;
			defaultConfigurationName = Release;
		};
		E9B7BB421D38B4530008E21D /* Build configuration list for PBXNativeTarget "百思不得姐" */ = {
			isa = XCConfigurationList;
			buildConfigurations = (
				E9B7BB431D38B4530008E21D /* Debug */,
				E9B7BB441D38B4530008E21D /* Release */,
			);
			defaultConfigurationIsVisible = 0;
			defaultConfigurationName = Release;
		};
/* End XCConfigurationList section */
	};
	rootObject = E9B7BB231D38B4530008E21D /* Project object */;
}
